
Microsoft Visual Studio Solution File, Format Version 11.00
# Visual Studio 2010
Project("{FAE04EC0-301F-11D3-BF4B-00C04F79EFBC}") = "UnityEngine.TestRunner", "UnityEngine.TestRunner.csproj", "{8240cee2-6a6c-10c9-a7d4-8b151b14e415}"
EndProject
Project("{FAE04EC0-301F-11D3-BF4B-00C04F79EFBC}") = "Unity.VisualScripting.Flow", "Unity.VisualScripting.Flow.csproj", "{b5732f9f-3483-7ce1-d267-a20a51a85776}"
EndProject
Project("{FAE04EC0-301F-11D3-BF4B-00C04F79EFBC}") = "Unity.VisualScripting.State", "Unity.VisualScripting.State.csproj", "{da5de88c-3686-484a-83cb-091ccc022625}"
EndProject
Project("{FAE04EC0-301F-11D3-BF4B-00C04F79EFBC}") = "Unity.VisualScripting.Core", "Unity.VisualScripting.Core.csproj", "{ac4f05a3-cde8-2327-552c-f799f414a977}"
EndProject
Project("{FAE04EC0-301F-11D3-BF4B-00C04F79EFBC}") = "Unity.TextMeshPro", "Unity.TextMeshPro.csproj", "{f37a1f04-51d4-d5c6-4096-1c691803ae05}"
EndProject
Project("{FAE04EC0-301F-11D3-BF4B-00C04F79EFBC}") = "Unity.Timeline", "Unity.Timeline.csproj", "{886408e2-4a9a-b10a-6dd5-75ba5560f921}"
EndProject
Project("{FAE04EC0-301F-11D3-BF4B-00C04F79EFBC}") = "Unity.PlasticSCM.Editor", "Unity.PlasticSCM.Editor.csproj", "{67453c14-ec95-0daa-d0c9-598a0c61d760}"
EndProject
Project("{FAE04EC0-301F-11D3-BF4B-00C04F79EFBC}") = "Unity.VisualScripting.Core.Editor", "Unity.VisualScripting.Core.Editor.csproj", "{0fcf4d4d-adb0-eb60-39cd-9668147ee54f}"
EndProject
Project("{FAE04EC0-301F-11D3-BF4B-00C04F79EFBC}") = "Unity.VisualScripting.Flow.Editor", "Unity.VisualScripting.Flow.Editor.csproj", "{e1c2341e-3acb-71a5-1e07-a4cc6710e2b8}"
EndProject
Project("{FAE04EC0-301F-11D3-BF4B-00C04F79EFBC}") = "Unity.VisualStudio.Editor", "Unity.VisualStudio.Editor.csproj", "{98c37aa2-20ce-eaad-edde-ecbed030f483}"
EndProject
Project("{FAE04EC0-301F-11D3-BF4B-00C04F79EFBC}") = "Unity.Timeline.Editor", "Unity.Timeline.Editor.csproj", "{026f39e7-714d-373f-a9bd-4b639555f09c}"
EndProject
Project("{FAE04EC0-301F-11D3-BF4B-00C04F79EFBC}") = "Unity.VisualScripting.State.Editor", "Unity.VisualScripting.State.Editor.csproj", "{2e6d93b9-c98f-adfd-abe1-e48751297f11}"
EndProject
Project("{FAE04EC0-301F-11D3-BF4B-00C04F79EFBC}") = "Unity.TextMeshPro.Editor", "Unity.TextMeshPro.Editor.csproj", "{20c61d23-95c0-0bfc-5f39-11bdf3c29970}"
EndProject
Project("{FAE04EC0-301F-11D3-BF4B-00C04F79EFBC}") = "Unity.VisualScripting.SettingsProvider.Editor", "Unity.VisualScripting.SettingsProvider.Editor.csproj", "{2534ab44-8986-5fb3-5e0b-3f6b559420ed}"
EndProject
Project("{FAE04EC0-301F-11D3-BF4B-00C04F79EFBC}") = "UnityEditor.TestRunner", "UnityEditor.TestRunner.csproj", "{36102ea6-a15b-5e1c-b6a9-54492b57c9a5}"
EndProject
Project("{FAE04EC0-301F-11D3-BF4B-00C04F79EFBC}") = "Unity.TestTools.CodeCoverage.Editor", "Unity.TestTools.CodeCoverage.Editor.csproj", "{5a99f6c7-5f6d-9508-3f37-47f8c6728174}"
EndProject
Project("{FAE04EC0-301F-11D3-BF4B-00C04F79EFBC}") = "Unity.Rider.Editor", "Unity.Rider.Editor.csproj", "{4bc546d3-be53-b119-56cb-5dfffc3e14d9}"
EndProject
Project("{FAE04EC0-301F-11D3-BF4B-00C04F79EFBC}") = "Unity.Performance.Profile-Analyzer.Editor", "Unity.Performance.Profile-Analyzer.Editor.csproj", "{21448c97-d95c-4f57-dbb5-a237fcb64d5a}"
EndProject
Project("{FAE04EC0-301F-11D3-BF4B-00C04F79EFBC}") = "Unity.VSCode.Editor", "Unity.VSCode.Editor.csproj", "{bf631e0d-9f3a-853d-b588-3f931afaef52}"
EndProject
Project("{FAE04EC0-301F-11D3-BF4B-00C04F79EFBC}") = "Unity.TestTools.CodeCoverage.Editor.OpenCover.Model", "Unity.TestTools.CodeCoverage.Editor.OpenCover.Model.csproj", "{caa596d0-cf76-e66e-611b-61b1914f3c43}"
EndProject
Project("{FAE04EC0-301F-11D3-BF4B-00C04F79EFBC}") = "Unity.EditorCoroutines.Editor", "Unity.EditorCoroutines.Editor.csproj", "{8ac14d19-121e-f407-8f95-db4246c411a3}"
EndProject
Project("{FAE04EC0-301F-11D3-BF4B-00C04F79EFBC}") = "Unity.Settings.Editor", "Unity.Settings.Editor.csproj", "{c56695b6-0fe0-47cd-e7b2-813724de7b95}"
EndProject
Project("{FAE04EC0-301F-11D3-BF4B-00C04F79EFBC}") = "Unity.CollabProxy.Editor", "Unity.CollabProxy.Editor.csproj", "{99903107-dd6f-aea7-7811-9ad95ef9938d}"
EndProject
Project("{FAE04EC0-301F-11D3-BF4B-00C04F79EFBC}") = "Unity.TestTools.CodeCoverage.Editor.OpenCover.Mono.Reflection", "Unity.TestTools.CodeCoverage.Editor.OpenCover.Mono.Reflection.csproj", "{cfbfe956-438b-c6d1-88c7-d04f0e31d1aa}"
EndProject
Project("{FAE04EC0-301F-11D3-BF4B-00C04F79EFBC}") = "Unity.VisualScripting.Shared.Editor", "Unity.VisualScripting.Shared.Editor.csproj", "{6cf54e26-385d-669b-603a-c6a3fb477cbf}"
EndProject
Project("{FAE04EC0-301F-11D3-BF4B-00C04F79EFBC}") = "Assembly-CSharp", "Assembly-CSharp.csproj", "{d9e5c9f3-58ab-b889-f9ce-46d29c173e04}"
EndProject
Project("{FAE04EC0-301F-11D3-BF4B-00C04F79EFBC}") = "Unity.TextMeshPro.Tests", "Unity.TextMeshPro.Tests.csproj", "{63610995-85d9-e696-18f1-40f2e4e7438b}"
EndProject
Project("{FAE04EC0-301F-11D3-BF4B-00C04F79EFBC}") = "DocCodeExamples", "DocCodeExamples.csproj", "{90c0fdeb-4638-246b-12f9-7d2744e3d55d}"
EndProject
Project("{FAE04EC0-301F-11D3-BF4B-00C04F79EFBC}") = "Unity.TestTools.CodeCoverage.Editor.Compatibility", "Unity.TestTools.CodeCoverage.Editor.Compatibility.csproj", "{eafcfb4a-7b7a-56a2-3fbe-508c49113ce6}"
EndProject
Project("{FAE04EC0-301F-11D3-BF4B-00C04F79EFBC}") = "Unity.TextMeshPro.Editor.Tests", "Unity.TextMeshPro.Editor.Tests.csproj", "{d105a9ff-0e97-1d73-0974-379dae5514c1}"
EndProject
Project("{FAE04EC0-301F-11D3-BF4B-00C04F79EFBC}") = "Unity.Settings.Tests", "Unity.Settings.Tests.csproj", "{d68468b0-fe32-352e-7720-af5284582cd5}"
EndProject
Project("{FAE04EC0-301F-11D3-BF4B-00C04F79EFBC}") = "Unity.Performance.Profile-Analyzer.EditorTests", "Unity.Performance.Profile-Analyzer.EditorTests.csproj", "{1e3c7893-e34a-9b6b-7258-fad6388ec0ba}"
EndProject
Global
	GlobalSection(SolutionConfigurationPlatforms) = preSolution
		Debug|Any CPU = Debug|Any CPU
	EndGlobalSection
	GlobalSection(ProjectConfigurationPlatforms) = postSolution
		{8240cee2-6a6c-10c9-a7d4-8b151b14e415}.Debug|Any CPU.ActiveCfg = Debug|Any CPU
		{8240cee2-6a6c-10c9-a7d4-8b151b14e415}.Debug|Any CPU.Build.0 = Debug|Any CPU
		{b5732f9f-3483-7ce1-d267-a20a51a85776}.Debug|Any CPU.ActiveCfg = Debug|Any CPU
		{b5732f9f-3483-7ce1-d267-a20a51a85776}.Debug|Any CPU.Build.0 = Debug|Any CPU
		{da5de88c-3686-484a-83cb-091ccc022625}.Debug|Any CPU.ActiveCfg = Debug|Any CPU
		{da5de88c-3686-484a-83cb-091ccc022625}.Debug|Any CPU.Build.0 = Debug|Any CPU
		{ac4f05a3-cde8-2327-552c-f799f414a977}.Debug|Any CPU.ActiveCfg = Debug|Any CPU
		{ac4f05a3-cde8-2327-552c-f799f414a977}.Debug|Any CPU.Build.0 = Debug|Any CPU
		{f37a1f04-51d4-d5c6-4096-1c691803ae05}.Debug|Any CPU.ActiveCfg = Debug|Any CPU
		{f37a1f04-51d4-d5c6-4096-1c691803ae05}.Debug|Any CPU.Build.0 = Debug|Any CPU
		{886408e2-4a9a-b10a-6dd5-75ba5560f921}.Debug|Any CPU.ActiveCfg = Debug|Any CPU
		{886408e2-4a9a-b10a-6dd5-75ba5560f921}.Debug|Any CPU.Build.0 = Debug|Any CPU
		{67453c14-ec95-0daa-d0c9-598a0c61d760}.Debug|Any CPU.ActiveCfg = Debug|Any CPU
		{67453c14-ec95-0daa-d0c9-598a0c61d760}.Debug|Any CPU.Build.0 = Debug|Any CPU
		{0fcf4d4d-adb0-eb60-39cd-9668147ee54f}.Debug|Any CPU.ActiveCfg = Debug|Any CPU
		{0fcf4d4d-adb0-eb60-39cd-9668147ee54f}.Debug|Any CPU.Build.0 = Debug|Any CPU
		{e1c2341e-3acb-71a5-1e07-a4cc6710e2b8}.Debug|Any CPU.ActiveCfg = Debug|Any CPU
		{e1c2341e-3acb-71a5-1e07-a4cc6710e2b8}.Debug|Any CPU.Build.0 = Debug|Any CPU
		{98c37aa2-20ce-eaad-edde-ecbed030f483}.Debug|Any CPU.ActiveCfg = Debug|Any CPU
		{98c37aa2-20ce-eaad-edde-ecbed030f483}.Debug|Any CPU.Build.0 = Debug|Any CPU
		{026f39e7-714d-373f-a9bd-4b639555f09c}.Debug|Any CPU.ActiveCfg = Debug|Any CPU
		{026f39e7-714d-373f-a9bd-4b639555f09c}.Debug|Any CPU.Build.0 = Debug|Any CPU
		{2e6d93b9-c98f-adfd-abe1-e48751297f11}.Debug|Any CPU.ActiveCfg = Debug|Any CPU
		{2e6d93b9-c98f-adfd-abe1-e48751297f11}.Debug|Any CPU.Build.0 = Debug|Any CPU
		{20c61d23-95c0-0bfc-5f39-11bdf3c29970}.Debug|Any CPU.ActiveCfg = Debug|Any CPU
		{20c61d23-95c0-0bfc-5f39-11bdf3c29970}.Debug|Any CPU.Build.0 = Debug|Any CPU
		{2534ab44-8986-5fb3-5e0b-3f6b559420ed}.Debug|Any CPU.ActiveCfg = Debug|Any CPU
		{2534ab44-8986-5fb3-5e0b-3f6b559420ed}.Debug|Any CPU.Build.0 = Debug|Any CPU
		{36102ea6-a15b-5e1c-b6a9-54492b57c9a5}.Debug|Any CPU.ActiveCfg = Debug|Any CPU
		{36102ea6-a15b-5e1c-b6a9-54492b57c9a5}.Debug|Any CPU.Build.0 = Debug|Any CPU
		{5a99f6c7-5f6d-9508-3f37-47f8c6728174}.Debug|Any CPU.ActiveCfg = Debug|Any CPU
		{5a99f6c7-5f6d-9508-3f37-47f8c6728174}.Debug|Any CPU.Build.0 = Debug|Any CPU
		{4bc546d3-be53-b119-56cb-5dfffc3e14d9}.Debug|Any CPU.ActiveCfg = Debug|Any CPU
		{4bc546d3-be53-b119-56cb-5dfffc3e14d9}.Debug|Any CPU.Build.0 = Debug|Any CPU
		{21448c97-d95c-4f57-dbb5-a237fcb64d5a}.Debug|Any CPU.ActiveCfg = Debug|Any CPU
		{21448c97-d95c-4f57-dbb5-a237fcb64d5a}.Debug|Any CPU.Build.0 = Debug|Any CPU
		{bf631e0d-9f3a-853d-b588-3f931afaef52}.Debug|Any CPU.ActiveCfg = Debug|Any CPU
		{bf631e0d-9f3a-853d-b588-3f931afaef52}.Debug|Any CPU.Build.0 = Debug|Any CPU
		{caa596d0-cf76-e66e-611b-61b1914f3c43}.Debug|Any CPU.ActiveCfg = Debug|Any CPU
		{caa596d0-cf76-e66e-611b-61b1914f3c43}.Debug|Any CPU.Build.0 = Debug|Any CPU
		{8ac14d19-121e-f407-8f95-db4246c411a3}.Debug|Any CPU.ActiveCfg = Debug|Any CPU
		{8ac14d19-121e-f407-8f95-db4246c411a3}.Debug|Any CPU.Build.0 = Debug|Any CPU
		{c56695b6-0fe0-47cd-e7b2-813724de7b95}.Debug|Any CPU.ActiveCfg = Debug|Any CPU
		{c56695b6-0fe0-47cd-e7b2-813724de7b95}.Debug|Any CPU.Build.0 = Debug|Any CPU
		{99903107-dd6f-aea7-7811-9ad95ef9938d}.Debug|Any CPU.ActiveCfg = Debug|Any CPU
		{99903107-dd6f-aea7-7811-9ad95ef9938d}.Debug|Any CPU.Build.0 = Debug|Any CPU
		{cfbfe956-438b-c6d1-88c7-d04f0e31d1aa}.Debug|Any CPU.ActiveCfg = Debug|Any CPU
		{cfbfe956-438b-c6d1-88c7-d04f0e31d1aa}.Debug|Any CPU.Build.0 = Debug|Any CPU
		{6cf54e26-385d-669b-603a-c6a3fb477cbf}.Debug|Any CPU.ActiveCfg = Debug|Any CPU
		{6cf54e26-385d-669b-603a-c6a3fb477cbf}.Debug|Any CPU.Build.0 = Debug|Any CPU
		{d9e5c9f3-58ab-b889-f9ce-46d29c173e04}.Debug|Any CPU.ActiveCfg = Debug|Any CPU
		{d9e5c9f3-58ab-b889-f9ce-46d29c173e04}.Debug|Any CPU.Build.0 = Debug|Any CPU
		{63610995-85d9-e696-18f1-40f2e4e7438b}.Debug|Any CPU.ActiveCfg = Debug|Any CPU
		{63610995-85d9-e696-18f1-40f2e4e7438b}.Debug|Any CPU.Build.0 = Debug|Any CPU
		{90c0fdeb-4638-246b-12f9-7d2744e3d55d}.Debug|Any CPU.ActiveCfg = Debug|Any CPU
		{90c0fdeb-4638-246b-12f9-7d2744e3d55d}.Debug|Any CPU.Build.0 = Debug|Any CPU
		{eafcfb4a-7b7a-56a2-3fbe-508c49113ce6}.Debug|Any CPU.ActiveCfg = Debug|Any CPU
		{eafcfb4a-7b7a-56a2-3fbe-508c49113ce6}.Debug|Any CPU.Build.0 = Debug|Any CPU
		{d105a9ff-0e97-1d73-0974-379dae5514c1}.Debug|Any CPU.ActiveCfg = Debug|Any CPU
		{d105a9ff-0e97-1d73-0974-379dae5514c1}.Debug|Any CPU.Build.0 = Debug|Any CPU
		{d68468b0-fe32-352e-7720-af5284582cd5}.Debug|Any CPU.ActiveCfg = Debug|Any CPU
		{d68468b0-fe32-352e-7720-af5284582cd5}.Debug|Any CPU.Build.0 = Debug|Any CPU
		{1e3c7893-e34a-9b6b-7258-fad6388ec0ba}.Debug|Any CPU.ActiveCfg = Debug|Any CPU
		{1e3c7893-e34a-9b6b-7258-fad6388ec0ba}.Debug|Any CPU.Build.0 = Debug|Any CPU
	EndGlobalSection
	GlobalSection(SolutionProperties) = preSolution
		HideSolutionNode = FALSE
	EndGlobalSection
EndGlobal
